<Solution>
  <Folder Name="/src/">
    <Project Path="src/Eru.Adapters/Eru.Adapters.fsproj" />
    <Project Path="src/Eru.Cli/Eru.Cli.fsproj" />
    <Project Path="src/Eru.Domain/Eru.Domain.fsproj" />
    <Project Path="src/Eru.Mcp/Eru.Mcp.fsproj" />
    <Project Path="src/Eru.Site/Eru.Site.fsproj" />
    <Project Path="src/Eru.Tui/Eru.Tui.fsproj" />
  </Folder>
  <Folder Name="/tests/">
    <Project Path="tests/Eru.Tests/Eru.Tests.fsproj" />
  </Folder>
</Solution>
